
Microsoft Visual Studio Solution File, Format Version 12.00
# Visual Studio Version 16
VisualStudioVersion = 16.0.31019.35
MinimumVisualStudioVersion = 10.0.40219.1
Project("{FAE04EC0-301F-11D3-BF4B-00C04F79EFBC}") = "Primer Examen Parcial", "Primer Examen Parcial\Primer Examen Parcial.csproj", "{EBC02CCC-1583-4791-B273-966AD87F6A78}"
EndProject
Global
	GlobalSection(SolutionConfigurationPlatforms) = preSolution
		Debug|Any CPU = Debug|Any CPU
		Release|Any CPU = Release|Any CPU
	EndGlobalSection
	GlobalSection(ProjectConfigurationPlatforms) = postSolution
		{EBC02CCC-1583-4791-B273-966AD87F6A78}.Debug|Any CPU.ActiveCfg = Debug|Any CPU
		{EBC02CCC-1583-4791-B273-966AD87F6A78}.Debug|Any CPU.Build.0 = Debug|Any CPU
		{EBC02CCC-1583-4791-B273-966AD87F6A78}.Release|Any CPU.ActiveCfg = Release|Any CPU
		{EBC02CCC-1583-4791-B273-966AD87F6A78}.Release|Any CPU.Build.0 = Release|Any CPU
	EndGlobalSection
	GlobalSection(SolutionProperties) = preSolution
		HideSolutionNode = FALSE
	EndGlobalSection
	GlobalSection(ExtensibilityGlobals) = postSolution
		SolutionGuid = {A7FF3D67-A5D6-44AE-85E0-86E3BF8151FE}
	EndGlobalSection
EndGlobal
